
Microsoft Visual Studio Solution File, Format Version 12.00
# Visual Studio Version 16
VisualStudioVersion = 16.0.29424.173
MinimumVisualStudioVersion = 10.0.40219.1
Project("{FAE04EC0-301F-11D3-BF4B-00C04F79EFBC}") = "UruItTest", "UruItTest\UruItTest.csproj", "{B8021E6E-2AAF-4E18-9AAE-B497D3FF132F}"
EndProject
Global
	GlobalSection(SolutionConfigurationPlatforms) = preSolution
		Debug|Any CPU = Debug|Any CPU
		Release|Any CPU = Release|Any CPU
	EndGlobalSection
	GlobalSection(ProjectConfigurationPlatforms) = postSolution
		{B8021E6E-2AAF-4E18-9AAE-B497D3FF132F}.Debug|Any CPU.ActiveCfg = Debug|Any CPU
		{B8021E6E-2AAF-4E18-9AAE-B497D3FF132F}.Debug|Any CPU.Build.0 = Debug|Any CPU
		{B8021E6E-2AAF-4E18-9AAE-B497D3FF132F}.Release|Any CPU.ActiveCfg = Release|Any CPU
		{B8021E6E-2AAF-4E18-9AAE-B497D3FF132F}.Release|Any CPU.Build.0 = Release|Any CPU
	EndGlobalSection
	GlobalSection(SolutionProperties) = preSolution
		HideSolutionNode = FALSE
	EndGlobalSection
	GlobalSection(ExtensibilityGlobals) = postSolution
		SolutionGuid = {429FC0DF-0D1E-4B8E-9684-5788EBC03C39}
	EndGlobalSection
EndGlobal
